Microsoft Visual Studio Solution File, Format Version 12.00
# Visual Studio 15
VisualStudioVersion = 15.0.28307.779
MinimumVisualStudioVersion = 10.0.40219.1
Project("{FAE04EC0-301F-11D3-BF4B-00C04F79EFBC}") = "navtezcms.BO", "navtezcms.BO\navtezcms.BO.csproj", "{06FEAD01-F96E-4085-89FB-6DCA56ACA829}"
EndProject
Project("{FAE04EC0-301F-11D3-BF4B-00C04F79EFBC}") = "navtezcms.DAL", "navtezcms.DAL\navtezcms.DAL.csproj", "{3AC8F73D-D29A-4EF1-8FC2-5C6C1693BDA7}"
EndProject
Project("{FAE04EC0-301F-11D3-BF4B-00C04F79EFBC}") = "Dapper.Contrib1", "Dapper.Contrib1\Dapper.Contrib1.csproj", "{A29BE388-D161-4265-8405-29444511488F}"
EndProject
Project("{FAE04EC0-301F-11D3-BF4B-00C04F79EFBC}") = "ImportDataFromExistingDB", "ImportDataFromExistingDB\ImportDataFromExistingDB\ImportDataFromExistingDB.csproj", "{7303EDFF-3C64-440C-B064-82847C4FAB66}"
EndProject
Project("{FAE04EC0-301F-11D3-BF4B-00C04F79EFBC}") = "navtezcms.adminw", "navtezcms.adminw\navtezcms.adminw.csproj", "{7F0D3D7B-31CE-44E0-886E-AD0F9F0F7E71}"
EndProject
Project("{FAE04EC0-301F-11D3-BF4B-00C04F79EFBC}") = "navtezcms.api", "navtezcms.api\navtezcms.api.csproj", "{A000E9B7-9A07-4914-B3B4-48435DA98D5D}"
EndProject
Global
	GlobalSection(SolutionConfigurationPlatforms) = preSolution
		Debug|Any CPU = Debug|Any CPU
		Debug|Mixed Platforms = Debug|Mixed Platforms
		Debug|x86 = Debug|x86
		Release|Any CPU = Release|Any CPU
		Release|Mixed Platforms = Release|Mixed Platforms
		Release|x86 = Release|x86
	EndGlobalSection
	GlobalSection(ProjectConfigurationPlatforms) = postSolution
		{06FEAD01-F96E-4085-89FB-6DCA56ACA829}.Debug|Any CPU.ActiveCfg = Debug|Any CPU
		{06FEAD01-F96E-4085-89FB-6DCA56ACA829}.Debug|Any CPU.Build.0 = Debug|Any CPU
		{06FEAD01-F96E-4085-89FB-6DCA56ACA829}.Debug|Mixed Platforms.ActiveCfg = Debug|Any CPU
		{06FEAD01-F96E-4085-89FB-6DCA56ACA829}.Debug|Mixed Platforms.Build.0 = Debug|Any CPU
		{06FEAD01-F96E-4085-89FB-6DCA56ACA829}.Debug|x86.ActiveCfg = Debug|Any CPU
		{06FEAD01-F96E-4085-89FB-6DCA56ACA829}.Debug|x86.Build.0 = Debug|Any CPU
		{06FEAD01-F96E-4085-89FB-6DCA56ACA829}.Release|Any CPU.ActiveCfg = Release|Any CPU
		{06FEAD01-F96E-4085-89FB-6DCA56ACA829}.Release|Any CPU.Build.0 = Release|Any CPU
		{06FEAD01-F96E-4085-89FB-6DCA56ACA829}.Release|Mixed Platforms.ActiveCfg = Release|Any CPU
		{06FEAD01-F96E-4085-89FB-6DCA56ACA829}.Release|Mixed Platforms.Build.0 = Release|Any CPU
		{06FEAD01-F96E-4085-89FB-6DCA56ACA829}.Release|x86.ActiveCfg = Release|Any CPU
		{06FEAD01-F96E-4085-89FB-6DCA56ACA829}.Release|x86.Build.0 = Release|Any CPU
		{3AC8F73D-D29A-4EF1-8FC2-5C6C1693BDA7}.Debug|Any CPU.ActiveCfg = Debug|Any CPU
		{3AC8F73D-D29A-4EF1-8FC2-5C6C1693BDA7}.Debug|Any CPU.Build.0 = Debug|Any CPU
		{3AC8F73D-D29A-4EF1-8FC2-5C6C1693BDA7}.Debug|Mixed Platforms.ActiveCfg = Debug|Any CPU
		{3AC8F73D-D29A-4EF1-8FC2-5C6C1693BDA7}.Debug|Mixed Platforms.Build.0 = Debug|Any CPU
		{3AC8F73D-D29A-4EF1-8FC2-5C6C1693BDA7}.Debug|x86.ActiveCfg = Debug|Any CPU
		{3AC8F73D-D29A-4EF1-8FC2-5C6C1693BDA7}.Debug|x86.Build.0 = Debug|Any CPU
		{3AC8F73D-D29A-4EF1-8FC2-5C6C1693BDA7}.Release|Any CPU.ActiveCfg = Release|Any CPU
		{3AC8F73D-D29A-4EF1-8FC2-5C6C1693BDA7}.Release|Any CPU.Build.0 = Release|Any CPU
		{3AC8F73D-D29A-4EF1-8FC2-5C6C1693BDA7}.Release|Mixed Platforms.ActiveCfg = Release|Any CPU
		{3AC8F73D-D29A-4EF1-8FC2-5C6C1693BDA7}.Release|Mixed Platforms.Build.0 = Release|Any CPU
		{3AC8F73D-D29A-4EF1-8FC2-5C6C1693BDA7}.Release|x86.ActiveCfg = Release|Any CPU
		{3AC8F73D-D29A-4EF1-8FC2-5C6C1693BDA7}.Release|x86.Build.0 = Release|Any CPU
		{A29BE388-D161-4265-8405-29444511488F}.Debug|Any CPU.ActiveCfg = Debug|Any CPU
		{A29BE388-D161-4265-8405-29444511488F}.Debug|Any CPU.Build.0 = Debug|Any CPU
		{A29BE388-D161-4265-8405-29444511488F}.Debug|Mixed Platforms.ActiveCfg = Debug|Any CPU
		{A29BE388-D161-4265-8405-29444511488F}.Debug|Mixed Platforms.Build.0 = Debug|Any CPU
		{A29BE388-D161-4265-8405-29444511488F}.Debug|x86.ActiveCfg = Debug|Any CPU
		{A29BE388-D161-4265-8405-29444511488F}.Debug|x86.Build.0 = Debug|Any CPU
		{A29BE388-D161-4265-8405-29444511488F}.Release|Any CPU.ActiveCfg = Release|Any CPU
		{A29BE388-D161-4265-8405-29444511488F}.Release|Any CPU.Build.0 = Release|Any CPU
		{A29BE388-D161-4265-8405-29444511488F}.Release|Mixed Platforms.ActiveCfg = Release|Any CPU
		{A29BE388-D161-4265-8405-29444511488F}.Release|Mixed Platforms.Build.0 = Release|Any CPU
		{A29BE388-D161-4265-8405-29444511488F}.Release|x86.ActiveCfg = Release|Any CPU
		{A29BE388-D161-4265-8405-29444511488F}.Release|x86.Build.0 = Release|Any CPU
		{7303EDFF-3C64-440C-B064-82847C4FAB66}.Debug|Any CPU.ActiveCfg = Debug|Any CPU
		{7303EDFF-3C64-440C-B064-82847C4FAB66}.Debug|Any CPU.Build.0 = Debug|Any CPU
		{7303EDFF-3C64-440C-B064-82847C4FAB66}.Debug|Mixed Platforms.ActiveCfg = Debug|Any CPU
		{7303EDFF-3C64-440C-B064-82847C4FAB66}.Debug|Mixed Platforms.Build.0 = Debug|Any CPU
		{7303EDFF-3C64-440C-B064-82847C4FAB66}.Debug|x86.ActiveCfg = Debug|Any CPU
		{7303EDFF-3C64-440C-B064-82847C4FAB66}.Debug|x86.Build.0 = Debug|Any CPU
		{7303EDFF-3C64-440C-B064-82847C4FAB66}.Release|Any CPU.ActiveCfg = Release|Any CPU
		{7303EDFF-3C64-440C-B064-82847C4FAB66}.Release|Any CPU.Build.0 = Release|Any CPU
		{7303EDFF-3C64-440C-B064-82847C4FAB66}.Release|Mixed Platforms.ActiveCfg = Release|Any CPU
		{7303EDFF-3C64-440C-B064-82847C4FAB66}.Release|Mixed Platforms.Build.0 = Release|Any CPU
		{7303EDFF-3C64-440C-B064-82847C4FAB66}.Release|x86.ActiveCfg = Release|Any CPU
		{7303EDFF-3C64-440C-B064-82847C4FAB66}.Release|x86.Build.0 = Release|Any CPU
		{7F0D3D7B-31CE-44E0-886E-AD0F9F0F7E71}.Debug|Any CPU.ActiveCfg = Debug|Any CPU
		{7F0D3D7B-31CE-44E0-886E-AD0F9F0F7E71}.Debug|Any CPU.Build.0 = Debug|Any CPU
		{7F0D3D7B-31CE-44E0-886E-AD0F9F0F7E71}.Debug|Mixed Platforms.ActiveCfg = Debug|Any CPU
		{7F0D3D7B-31CE-44E0-886E-AD0F9F0F7E71}.Debug|Mixed Platforms.Build.0 = Debug|Any CPU
		{7F0D3D7B-31CE-44E0-886E-AD0F9F0F7E71}.Debug|x86.ActiveCfg = Debug|Any CPU
		{7F0D3D7B-31CE-44E0-886E-AD0F9F0F7E71}.Debug|x86.Build.0 = Debug|Any CPU
		{7F0D3D7B-31CE-44E0-886E-AD0F9F0F7E71}.Release|Any CPU.ActiveCfg = Release|Any CPU
		{7F0D3D7B-31CE-44E0-886E-AD0F9F0F7E71}.Release|Any CPU.Build.0 = Release|Any CPU
		{7F0D3D7B-31CE-44E0-886E-AD0F9F0F7E71}.Release|Mixed Platforms.ActiveCfg = Release|Any CPU
		{7F0D3D7B-31CE-44E0-886E-AD0F9F0F7E71}.Release|Mixed Platforms.Build.0 = Release|Any CPU
		{7F0D3D7B-31CE-44E0-886E-AD0F9F0F7E71}.Release|x86.ActiveCfg = Release|Any CPU
		{7F0D3D7B-31CE-44E0-886E-AD0F9F0F7E71}.Release|x86.Build.0 = Release|Any CPU
		{A000E9B7-9A07-4914-B3B4-48435DA98D5D}.Debug|Any CPU.ActiveCfg = Debug|Any CPU
		{A000E9B7-9A07-4914-B3B4-48435DA98D5D}.Debug|Any CPU.Build.0 = Debug|Any CPU
		{A000E9B7-9A07-4914-B3B4-48435DA98D5D}.Debug|Mixed Platforms.ActiveCfg = Debug|Any CPU
		{A000E9B7-9A07-4914-B3B4-48435DA98D5D}.Debug|Mixed Platforms.Build.0 = Debug|Any CPU
		{A000E9B7-9A07-4914-B3B4-48435DA98D5D}.Debug|x86.ActiveCfg = Debug|Any CPU
		{A000E9B7-9A07-4914-B3B4-48435DA98D5D}.Debug|x86.Build.0 = Debug|Any CPU
		{A000E9B7-9A07-4914-B3B4-48435DA98D5D}.Release|Any CPU.ActiveCfg = Release|Any CPU
		{A000E9B7-9A07-4914-B3B4-48435DA98D5D}.Release|Any CPU.Build.0 = Release|Any CPU
		{A000E9B7-9A07-4914-B3B4-48435DA98D5D}.Release|Mixed Platforms.ActiveCfg = Release|Any CPU
		{A000E9B7-9A07-4914-B3B4-48435DA98D5D}.Release|Mixed Platforms.Build.0 = Release|Any CPU
		{A000E9B7-9A07-4914-B3B4-48435DA98D5D}.Release|x86.ActiveCfg = Release|Any CPU
		{A000E9B7-9A07-4914-B3B4-48435DA98D5D}.Release|x86.Build.0 = Release|Any CPU
	EndGlobalSection
	GlobalSection(SolutionProperties) = preSolution
		HideSolutionNode = FALSE
	EndGlobalSection
	GlobalSection(ExtensibilityGlobals) = postSolution
		SolutionGuid = {D5CC74BF-7B36-4CBE-BD00-390EFC8FADB8}
	EndGlobalSection
EndGlobal
